
Microsoft Visual Studio Solution File, Format Version 12.00
# Visual Studio Version 17
VisualStudioVersion = 17.13.35806.99 d17.13
MinimumVisualStudioVersion = 10.0.40219.1
Project("{FAE04EC0-301F-11D3-BF4B-00C04F79EFBC}") = "backend", "backend.csproj", "{EFC31040-2063-4881-A8C6-C91456B6627A}"
EndProject
Global
	GlobalSection(SolutionConfigurationPlatforms) = preSolution
		Debug|Any CPU = Debug|Any CPU
		Release|Any CPU = Release|Any CPU
	EndGlobalSection
	GlobalSection(ProjectConfigurationPlatforms) = postSolution
		{EFC31040-2063-4881-A8C6-C91456B6627A}.Debug|Any CPU.ActiveCfg = Debug|Any CPU
		{EFC31040-2063-4881-A8C6-C91456B6627A}.Debug|Any CPU.Build.0 = Debug|Any CPU
		{EFC31040-2063-4881-A8C6-C91456B6627A}.Release|Any CPU.ActiveCfg = Release|Any CPU
		{EFC31040-2063-4881-A8C6-C91456B6627A}.Release|Any CPU.Build.0 = Release|Any CPU
	EndGlobalSection
	GlobalSection(SolutionProperties) = preSolution
		HideSolutionNode = FALSE
	EndGlobalSection
	GlobalSection(ExtensibilityGlobals) = postSolution
		SolutionGuid = {50165784-13BC-4432-8599-06478736B9B5}
	EndGlobalSection
EndGlobal
